
Microsoft Visual Studio Solution File, Format Version 12.00
# Visual Studio Version 17
VisualStudioVersion = 17.14.36310.24
MinimumVisualStudioVersion = 10.0.40219.1
Project("{FAE04EC0-301F-11D3-BF4B-00C04F79EFBC}") = "ProcessMonitorWorkerService", "ProcessMonitorWorkerService\ProcessMonitorWorkerService.csproj", "{D216E9AD-EC79-4479-AD75-124CCA35F35D}"
EndProject
Project("{FAE04EC0-301F-11D3-BF4B-00C04F79EFBC}") = "ProcessMonitorRepository", "ProcessMonitorRepository\ProcessMonitorRepository.csproj", "{5C5FAC8C-66DB-4693-8231-B17710139FDB}"
EndProject
Project("{FAE04EC0-301F-11D3-BF4B-00C04F79EFBC}") = "ProcessManager", "ProcessManager\ProcessManager.csproj", "{2DA1C476-EB43-40A2-B18A-93E36F056FFA}"
EndProject
Project("{FAE04EC0-301F-11D3-BF4B-00C04F79EFBC}") = "ProcessMonitorDebugUI", "ProcessMonitorDebugUI\ProcessMonitorDebugUI.csproj", "{865FE4CD-E5ED-417C-A44F-FD87B6015DF7}"
EndProject
Global
	GlobalSection(SolutionConfigurationPlatforms) = preSolution
		Debug|Any CPU = Debug|Any CPU
		Release|Any CPU = Release|Any CPU
	EndGlobalSection
	GlobalSection(ProjectConfigurationPlatforms) = postSolution
		{D216E9AD-EC79-4479-AD75-124CCA35F35D}.Debug|Any CPU.ActiveCfg = Debug|Any CPU
		{D216E9AD-EC79-4479-AD75-124CCA35F35D}.Debug|Any CPU.Build.0 = Debug|Any CPU
		{D216E9AD-EC79-4479-AD75-124CCA35F35D}.Release|Any CPU.ActiveCfg = Release|Any CPU
		{D216E9AD-EC79-4479-AD75-124CCA35F35D}.Release|Any CPU.Build.0 = Release|Any CPU
		{5C5FAC8C-66DB-4693-8231-B17710139FDB}.Debug|Any CPU.ActiveCfg = Debug|Any CPU
		{5C5FAC8C-66DB-4693-8231-B17710139FDB}.Debug|Any CPU.Build.0 = Debug|Any CPU
		{5C5FAC8C-66DB-4693-8231-B17710139FDB}.Release|Any CPU.ActiveCfg = Release|Any CPU
		{5C5FAC8C-66DB-4693-8231-B17710139FDB}.Release|Any CPU.Build.0 = Release|Any CPU
		{2DA1C476-EB43-40A2-B18A-93E36F056FFA}.Debug|Any CPU.ActiveCfg = Debug|Any CPU
		{2DA1C476-EB43-40A2-B18A-93E36F056FFA}.Debug|Any CPU.Build.0 = Debug|Any CPU
		{2DA1C476-EB43-40A2-B18A-93E36F056FFA}.Release|Any CPU.ActiveCfg = Release|Any CPU
		{2DA1C476-EB43-40A2-B18A-93E36F056FFA}.Release|Any CPU.Build.0 = Release|Any CPU
		{865FE4CD-E5ED-417C-A44F-FD87B6015DF7}.Debug|Any CPU.ActiveCfg = Debug|Any CPU
		{865FE4CD-E5ED-417C-A44F-FD87B6015DF7}.Debug|Any CPU.Build.0 = Debug|Any CPU
		{865FE4CD-E5ED-417C-A44F-FD87B6015DF7}.Release|Any CPU.ActiveCfg = Release|Any CPU
		{865FE4CD-E5ED-417C-A44F-FD87B6015DF7}.Release|Any CPU.Build.0 = Release|Any CPU
	EndGlobalSection
	GlobalSection(SolutionProperties) = preSolution
		HideSolutionNode = FALSE
	EndGlobalSection
	GlobalSection(ExtensibilityGlobals) = postSolution
		SolutionGuid = {2C00FFCA-5127-416E-A2FA-6D4659C7809F}
	EndGlobalSection
EndGlobal
